
Microsoft Visual Studio Solution File, Format Version 12.00
# Visual Studio Version 17
VisualStudioVersion = 17.4.33110.190
MinimumVisualStudioVersion = 10.0.40219.1
Project("{FAE04EC0-301F-11D3-BF4B-00C04F79EFBC}") = "RootService", "RootService\RootService.csproj", "{BFCD8148-9979-4BE7-B65E-1E35F831635A}"
EndProject
Project("{FAE04EC0-301F-11D3-BF4B-00C04F79EFBC}") = "SampleService", "SampleService\SampleService.csproj", "{F5893FC6-1BBA-4F24-B561-C9F6159234A6}"
EndProject
Global
	GlobalSection(SolutionConfigurationPlatforms) = preSolution
		Debug|Any CPU = Debug|Any CPU
		Release|Any CPU = Release|Any CPU
	EndGlobalSection
	GlobalSection(ProjectConfigurationPlatforms) = postSolution
		{BFCD8148-9979-4BE7-B65E-1E35F831635A}.Debug|Any CPU.ActiveCfg = Debug|Any CPU
		{BFCD8148-9979-4BE7-B65E-1E35F831635A}.Debug|Any CPU.Build.0 = Debug|Any CPU
		{BFCD8148-9979-4BE7-B65E-1E35F831635A}.Release|Any CPU.ActiveCfg = Release|Any CPU
		{BFCD8148-9979-4BE7-B65E-1E35F831635A}.Release|Any CPU.Build.0 = Release|Any CPU
		{F5893FC6-1BBA-4F24-B561-C9F6159234A6}.Debug|Any CPU.ActiveCfg = Debug|Any CPU
		{F5893FC6-1BBA-4F24-B561-C9F6159234A6}.Debug|Any CPU.Build.0 = Debug|Any CPU
		{F5893FC6-1BBA-4F24-B561-C9F6159234A6}.Release|Any CPU.ActiveCfg = Release|Any CPU
		{F5893FC6-1BBA-4F24-B561-C9F6159234A6}.Release|Any CPU.Build.0 = Release|Any CPU
	EndGlobalSection
	GlobalSection(SolutionProperties) = preSolution
		HideSolutionNode = FALSE
	EndGlobalSection
	GlobalSection(ExtensibilityGlobals) = postSolution
		SolutionGuid = {262ECC8D-2BC0-492B-B04D-540EE44BA989}
	EndGlobalSection
EndGlobal
